version: 2.0
shards:
  baked_file_system:
    git: https://github.com/ralsina/baked_file_system.git
    version: 0.10.0+git.commit.beb373124c7a235cfb9cd94e36849d8168eaa04b

  base58:
    git: https://github.com/crystal-china/base58.cr.git
    version: 0.1.0+git.commit.f7193c497efff614cf87b03f0bd07741915a592f

  crimage:
    git: https://github.com/naqvis/crimage.git
    version: 1.0.4+git.commit.b65f67df27f4cb8807a34d94a90dfd4162acf45a

  crystallabs-helpers:
    git: https://github.com/crystallabs/crystallabs-helpers.cr.git
    version: 1.0.1

  docopt:
    git: https://github.com/ralsina/docopt.cr.git
    version: 0.3.1

  markd:
    git: https://github.com/icyleaf/markd.git
    version: 0.5.0

  markterm:
    git: https://github.com/ralsina/markterm.git
    version: 0.6.3

  matrix:
    git: https://github.com/exilor/matrix.git
    version: 0.1.0+git.commit.db74e62dcc0b65e548bf1a8eda65657310f57152

  progress_bar:
    git: https://github.com/mgomes/progress_bar.git
    version: 1.0.1+git.commit.aa5ebab89d31167208387640db06d3964ec7922b

  sixteen:
    git: https://github.com/ralsina/sixteen.git
    version: 0.7.0

  stumpy_core:
    git: https://github.com/stumpycr/stumpy_core.git
    version: 1.9.1

  stumpy_jpeg:
    git: https://github.com/reiswindy/stumpy_jpeg.git
    version: 0.1.0+git.commit.714ad6c1f905cb503c53843cda8285f52592e2c2

  tartrazine:
    git: https://github.com/ralsina/tartrazine.git
    version: 0.20.1

  term-screen:
    git: https://github.com/crystal-term/screen.git
    version: 0.3.1

  tput:
    git: https://github.com/crystallabs/tput.cr.git
    version: 1.0.8

  unibilium:
    git: https://github.com/crystallabs/unibilium.cr.git
    version: 1.1.2

  unibilium-shim:
    git: https://github.com/crystallabs/unibilium-shim.cr.git
    version: 1.1.0

