# NOTICE: This lockfile contains some overrides from shard.override.yml
version: 2.0
shards:
  ameba:
    git: https://github.com/crystal-ameba/ameba.git
    version: 1.7.0

  baked_file_system: # Overridden
    git: https://github.com/ralsina/baked_file_system.git
    version: 0.10.0+git.commit.beb373124c7a235cfb9cd94e36849d8168eaa04b

  base58:
    git: https://github.com/crystal-china/base58.cr.git
    version: 0.1.0+git.commit.f7193c497efff614cf87b03f0bd07741915a592f

  crimage:
    git: https://github.com/naqvis/crimage.git
    version: 1.0.4+git.commit.b65f67df27f4cb8807a34d94a90dfd4162acf45a

  crystallabs-helpers:
    git: https://github.com/crystallabs/crystallabs-helpers.cr.git
    version: 1.0.1

  docopt: # Overridden
    git: https://github.com/ralsina/docopt.cr.git
    version: 0.3.1

  markd:
    git: https://github.com/icyleaf/markd.git
    version: 0.5.0+git.commit.03cd4f5d6f4e56054502a6548b4c2ff92fb3dc20

  markterm:
    git: https://github.com/ralsina/markterm.git
    version: 0.8.0

  progress_bar:
    git: https://github.com/mgomes/progress_bar.git
    version: 1.0.1+git.commit.aa5ebab89d31167208387640db06d3964ec7922b

  sixteen:
    git: https://github.com/ralsina/sixteen.git
    version: 0.8.0

  tablo:
    git: https://github.com/hutou/tablo.git
    version: 1.0.2

  tartrazine:
    git: https://github.com/ralsina/tartrazine.git
    version: 0.20.1

  term-screen:
    git: https://github.com/crystal-term/screen.git
    version: 0.3.1

  textseg:
    git: https://github.com/naqvis/uni_text_seg.git
    version: 0.1.3

  tput:
    git: https://github.com/crystallabs/tput.cr.git
    version: 1.0.8

  unibilium:
    git: https://github.com/crystallabs/unibilium.cr.git
    version: 1.1.2

  unibilium-shim:
    git: https://github.com/crystallabs/unibilium-shim.cr.git
    version: 1.1.0

  uniwidth:
    git: https://github.com/naqvis/uni_char_width.git
    version: 0.1.3

